{
  "name": "basic-scaffold",
  "version": "1.0.0",
  "lockfileVersion": 3,
  "requires": true,
  "packages": {
    "": {
      "name": "basic-scaffold",
      "version": "1.0.0",
      "license": "ISC",
      "dependencies": {
        "jquery": "^3.7.1"
      },
      "devDependencies": {
        "@magic/format": "0.0.58"
      }
    },
    "node_modules/@magic/cases": {
      "version": "0.0.9",
      "resolved": "https://registry.npmjs.org/@magic/cases/-/cases-0.0.9.tgz",
      "integrity": "sha512-TibN3VArMW6JBgnj8rKfiNtlVUCb+c5hlYYAoODkW92JxP0mlLwlePh9Emly43t8w9zesXbP1EciK3QZXAEiDg==",
      "dev": true,
      "engines": {
        "node": ">=14.15.4"
      }
    },
    "node_modules/@magic/cli": {
      "version": "0.0.46",
      "resolved": "https://registry.npmjs.org/@magic/cli/-/cli-0.0.46.tgz",
      "integrity": "sha512-wl43MuPduq6Bc0vtIIDnbe76hVrbxASzCV2ZgoxYwUkJDJOn6uOQdb4ih4wGAhT42OX2qpF/bDAqteM6iFl34Q==",
      "dev": true,
      "dependencies": {
        "@magic/cases": "0.0.9",
        "@magic/deep": "0.1.16",
        "@magic/error": "0.0.17",
        "@magic/log": "0.1.18",
        "@magic/types": "0.1.23"
      },
      "engines": {
        "node": ">=14.15.4"
      }
    },
    "node_modules/@magic/deep": {
      "version": "0.1.16",
      "resolved": "https://registry.npmjs.org/@magic/deep/-/deep-0.1.16.tgz",
      "integrity": "sha512-ZythITSAaq+FAJZC/6+t5yHPKPzGlsrkToP5DscvBvcR9wl/yUqsDdgkF1du4JLv8GFUSDnmeSW+XznxAbkh2g==",
      "dev": true,
      "dependencies": {
        "@magic/types": "0.1.23"
      }
    },
    "node_modules/@magic/error": {
      "version": "0.0.17",
      "resolved": "https://registry.npmjs.org/@magic/error/-/error-0.0.17.tgz",
      "integrity": "sha512-ZYb5hqjVvU4jg4W4/MzPxz6+HVRQLrnMKXUoOUCydi3sm2IaluShE3uYeNTHcM1KMRsn9kNfAds/q5IUReeygg==",
      "dev": true,
      "dependencies": {
        "@magic/types": "0.1.23"
      }
    },
    "node_modules/@magic/format": {
      "version": "0.0.58",
      "resolved": "https://registry.npmjs.org/@magic/format/-/format-0.0.58.tgz",
      "integrity": "sha512-uerfQjRGCDJUF4WYO7te8Y2+rBycHIKNUZ2JAJIc18iYP8/UPIq92cqRQk7hcCNm7f03f7w8svBp0fsD0QX4VQ==",
      "dev": true,
      "dependencies": {
        "@magic/cli": "0.0.46",
        "@magic/deep": "0.1.16",
        "@magic/fs": "0.0.29",
        "@magic/log": "0.1.18",
        "@magic/types": "0.1.23",
        "prettier": "3.0.3"
      },
      "bin": {
        "f": "src/bin.mjs",
        "format": "src/bin.mjs"
      },
      "engines": {
        "node": ">=14.15.4"
      },
      "peerDependencies": {
        "@prettier/plugin-haml": "^0.x",
        "@prettier/plugin-lua": "^0.x",
        "@prettier/plugin-php": "^0.x",
        "@prettier/plugin-pug": "^3.x",
        "@prettier/plugin-python": "^0.x",
        "@prettier/plugin-ruby": "^4.x",
        "@prettier/plugin-xml": "^3.x",
        "@voltiso/prettier-plugin-toml": "^0.x",
        "prettier-plugin-astro": "^0.x",
        "prettier-plugin-java": "^2.x",
        "prettier-plugin-svelte": "^3.x"
      },
      "peerDependenciesMeta": {
        "@prettier/plugin-haml": {
          "optional": true
        },
        "@prettier/plugin-lua": {
          "optional": true
        },
        "@prettier/plugin-php": {
          "optional": true
        },
        "@prettier/plugin-pug": {
          "optional": true
        },
        "@prettier/plugin-python": {
          "optional": true
        },
        "@prettier/plugin-ruby": {
          "optional": true
        },
        "@prettier/plugin-xml": {
          "optional": true
        },
        "@voltiso/prettier-plugin-toml": {
          "optional": true
        },
        "prettier-plugin-astro": {
          "optional": true
        },
        "prettier-plugin-java": {
          "optional": true
        },
        "prettier-plugin-svelte": {
          "optional": true
        }
      }
    },
    "node_modules/@magic/fs": {
      "version": "0.0.29",
      "resolved": "https://registry.npmjs.org/@magic/fs/-/fs-0.0.29.tgz",
      "integrity": "sha512-ThmWWaE3ugkaqsKTyDIQb4ERLjBRXH4HZylKgxaFVtvcrLZuZwTNvseI4Cqw4uN5MYP+nWgsoEhTZYpp8i2yAg==",
      "dev": true,
      "dependencies": {
        "@magic/deep": "0.1.16",
        "@magic/error": "0.0.17",
        "@magic/log": "0.1.18",
        "@magic/mime-types": "0.0.18",
        "@magic/types": "0.1.23"
      },
      "engines": {
        "node": ">=14.15.4"
      }
    },
    "node_modules/@magic/log": {
      "version": "0.1.18",
      "resolved": "https://registry.npmjs.org/@magic/log/-/log-0.1.18.tgz",
      "integrity": "sha512-DgqxaeV5YoynspFSWI/5w5ATNVMmIGG+ApeY+7gtddgyGhIBAXFmM6EoOlotxCQZuOu016tIpsE39TMnznJfQw==",
      "dev": true,
      "dependencies": {
        "@magic/types": "0.1.23"
      }
    },
    "node_modules/@magic/mime-types": {
      "version": "0.0.18",
      "resolved": "https://registry.npmjs.org/@magic/mime-types/-/mime-types-0.0.18.tgz",
      "integrity": "sha512-W7lucmk0JM+wvjnXE1p/yTDdh/tENsvs2uUlV9CCOur8PBfY+t/Nvlyn0UnPScGVHf7ASyA8IuMmshC77//n3Q==",
      "dev": true,
      "engines": {
        "node": ">=14.15.4"
      }
    },
    "node_modules/@magic/types": {
      "version": "0.1.23",
      "resolved": "https://registry.npmjs.org/@magic/types/-/types-0.1.23.tgz",
      "integrity": "sha512-Jjfi8gfmEwySqxp3miqiJw7AbEuYz2XcjJtLpUQZeP8IuWFTAvHuhqk/xs3uA1Bu+K3ct7yB5Esog9jE+W+JZg==",
      "dev": true,
      "engines": {
        "node": ">=14.15.4"
      }
    },
    "node_modules/jquery": {
      "version": "3.7.1",
      "resolved": "https://registry.npmjs.org/jquery/-/jquery-3.7.1.tgz",
      "integrity": "sha512-m4avr8yL8kmFN8psrbFFFmB/If14iN5o9nw/NgnnM+kybDJpRsAynV2BsfpTYrTRysYUdADVD7CkUUizgkpLfg=="
    },
    "node_modules/prettier": {
      "version": "3.0.3",
      "resolved": "https://registry.npmjs.org/prettier/-/prettier-3.0.3.tgz",
      "integrity": "sha512-L/4pUDMxcNa8R/EthV08Zt42WBO4h1rarVtK0K+QJG0X187OLo7l699jWw0GKuwzkPQ//jMFA/8Xm6Fh3J/DAg==",
      "dev": true,
      "bin": {
        "prettier": "bin/prettier.cjs"
      },
      "engines": {
        "node": ">=14"
      },
      "funding": {
        "url": "https://github.com/prettier/prettier?sponsor=1"
      }
    }
  }
}
